
Microsoft Visual Studio Solution File, Format Version 12.00
# Visual Studio Version 16
VisualStudioVersion = 16.0.28803.156
MinimumVisualStudioVersion = 10.0.40219.1
Project("{9A19103F-16F7-4668-BE54-9A1E7A4F7556}") = "SoCreate.Extensions.Logging", "src\SoCreate.Extensions.Logging\SoCreate.Extensions.Logging.csproj", "{86A9AA63-B63A-4203-99D8-DF80565AC778}"
EndProject
Project("{9A19103F-16F7-4668-BE54-9A1E7A4F7556}") = "ActivityLogger", "examples\ActivityLogger\ActivityLogger.csproj", "{1C4887E7-3892-4BC2-92C4-01F4772FCDC4}"
EndProject
Project("{2150E333-8FDC-42A3-9474-1A3956D46DE8}") = "src", "src", "{3B6E865E-3DBC-40D5-92D4-DF40566C905C}"
EndProject
Project("{2150E333-8FDC-42A3-9474-1A3956D46DE8}") = "examples", "examples", "{227024E2-D761-4534-8ABD-38F0B2A833A8}"
EndProject
Project("{2150E333-8FDC-42A3-9474-1A3956D46DE8}") = "test", "test", "{EC49A34B-2E22-408F-9853-2177493190B8}"
EndProject
Project("{FAE04EC0-301F-11D3-BF4B-00C04F79EFBC}") = "SoCreate.Extensions.Logging.UnitTests", "test\SoCreate.Extensions.Logging.UnitTests\SoCreate.Extensions.Logging.UnitTests.csproj", "{012A0650-A323-4BA4-97F5-7BB82E8B5024}"
EndProject
Global
	GlobalSection(SolutionConfigurationPlatforms) = preSolution
		Debug|Any CPU = Debug|Any CPU
		Release|Any CPU = Release|Any CPU
	EndGlobalSection
	GlobalSection(ProjectConfigurationPlatforms) = postSolution
		{86A9AA63-B63A-4203-99D8-DF80565AC778}.Debug|Any CPU.ActiveCfg = Debug|Any CPU
		{86A9AA63-B63A-4203-99D8-DF80565AC778}.Debug|Any CPU.Build.0 = Debug|Any CPU
		{86A9AA63-B63A-4203-99D8-DF80565AC778}.Release|Any CPU.ActiveCfg = Release|Any CPU
		{86A9AA63-B63A-4203-99D8-DF80565AC778}.Release|Any CPU.Build.0 = Release|Any CPU
		{1C4887E7-3892-4BC2-92C4-01F4772FCDC4}.Debug|Any CPU.ActiveCfg = Debug|Any CPU
		{1C4887E7-3892-4BC2-92C4-01F4772FCDC4}.Debug|Any CPU.Build.0 = Debug|Any CPU
		{1C4887E7-3892-4BC2-92C4-01F4772FCDC4}.Release|Any CPU.ActiveCfg = Release|Any CPU
		{1C4887E7-3892-4BC2-92C4-01F4772FCDC4}.Release|Any CPU.Build.0 = Release|Any CPU
		{012A0650-A323-4BA4-97F5-7BB82E8B5024}.Debug|Any CPU.ActiveCfg = Debug|Any CPU
		{012A0650-A323-4BA4-97F5-7BB82E8B5024}.Debug|Any CPU.Build.0 = Debug|Any CPU
		{012A0650-A323-4BA4-97F5-7BB82E8B5024}.Release|Any CPU.ActiveCfg = Release|Any CPU
		{012A0650-A323-4BA4-97F5-7BB82E8B5024}.Release|Any CPU.Build.0 = Release|Any CPU
	EndGlobalSection
	GlobalSection(SolutionProperties) = preSolution
		HideSolutionNode = FALSE
	EndGlobalSection
	GlobalSection(ExtensibilityGlobals) = postSolution
		SolutionGuid = {AB1508BD-164F-4161-885E-A823D688F65A}
	EndGlobalSection
	GlobalSection(NestedProjects) = preSolution
		{86A9AA63-B63A-4203-99D8-DF80565AC778} = {3B6E865E-3DBC-40D5-92D4-DF40566C905C}
		{1C4887E7-3892-4BC2-92C4-01F4772FCDC4} = {227024E2-D761-4534-8ABD-38F0B2A833A8}
		{012A0650-A323-4BA4-97F5-7BB82E8B5024} = {EC49A34B-2E22-408F-9853-2177493190B8}
	EndGlobalSection
EndGlobal
